
Microsoft Visual Studio Solution File, Format Version 12.00
# Visual Studio Version 16
VisualStudioVersion = 16.0.32228.343
MinimumVisualStudioVersion = 10.0.40219.1
Project("{9A19103F-16F7-4668-BE54-9A1E7A4F7556}") = "X6HXFE_HFT_2021222.Client", "X6HXFE_HFT_2021222\X6HXFE_HFT_2021222.Client.csproj", "{CFE5B2FF-1EA1-4DE7-9F0F-ED018E9A345B}"
EndProject
Project("{9A19103F-16F7-4668-BE54-9A1E7A4F7556}") = "X6HXFE_HFT_2021222.Models", "X6HXFE_HFT_2021222.Models\X6HXFE_HFT_2021222.Models.csproj", "{62CC985C-3D33-4577-845B-4DC14FC6B47B}"
EndProject
Project("{9A19103F-16F7-4668-BE54-9A1E7A4F7556}") = "X6HXFE_HFT_2021222.Logic", "X6HXFE_HFT_2021222.Logic\X6HXFE_HFT_2021222.Logic.csproj", "{636F984B-DC85-428F-9D80-56C0BBDF3D48}"
EndProject
Project("{9A19103F-16F7-4668-BE54-9A1E7A4F7556}") = "X6HXFE_HFT_2021222.Repository", "X6HXFE_HFT_2021222.Repository\X6HXFE_HFT_2021222.Repository.csproj", "{80C78B99-3A29-4561-BB71-AE67ABE83AFF}"
EndProject
Project("{9A19103F-16F7-4668-BE54-9A1E7A4F7556}") = "X6HXFE_HFT_2021222.Test", "X6HXFE_HFT_2021222.Test\X6HXFE_HFT_2021222.Test.csproj", "{54CBBB7B-EDB6-4228-94A2-09238A9341C7}"
EndProject
Project("{2150E333-8FDC-42A3-9474-1A3956D46DE8}") = "Backend", "Backend", "{0F21988D-C945-4D13-A0AE-892146CEBE11}"
EndProject
Project("{2150E333-8FDC-42A3-9474-1A3956D46DE8}") = "Frontend", "Frontend", "{674A3C2E-0C17-47D6-856B-8059D8B7DDF5}"
EndProject
Project("{2150E333-8FDC-42A3-9474-1A3956D46DE8}") = "Shared", "Shared", "{F35806D7-2F18-485B-A926-CBB46FF76686}"
EndProject
Project("{2150E333-8FDC-42A3-9474-1A3956D46DE8}") = "Others", "Others", "{38DCB7EB-4D21-42D9-935A-3DAC6BA04AD5}"
	ProjectSection(SolutionItems) = preProject
		.gitignore = .gitignore
	EndProjectSection
EndProject
Project("{FAE04EC0-301F-11D3-BF4B-00C04F79EFBC}") = "X6HXFE_HFT_2021222.Endpoint", "X6HXFE_HFT_2021222.Endpoint\X6HXFE_HFT_2021222.Endpoint.csproj", "{4F53DA50-CD62-4DF0-B215-506FFAF1942F}"
EndProject
Global
	GlobalSection(SolutionConfigurationPlatforms) = preSolution
		Debug|Any CPU = Debug|Any CPU
		Release|Any CPU = Release|Any CPU
	EndGlobalSection
	GlobalSection(ProjectConfigurationPlatforms) = postSolution
		{CFE5B2FF-1EA1-4DE7-9F0F-ED018E9A345B}.Debug|Any CPU.ActiveCfg = Debug|Any CPU
		{CFE5B2FF-1EA1-4DE7-9F0F-ED018E9A345B}.Debug|Any CPU.Build.0 = Debug|Any CPU
		{CFE5B2FF-1EA1-4DE7-9F0F-ED018E9A345B}.Release|Any CPU.ActiveCfg = Release|Any CPU
		{CFE5B2FF-1EA1-4DE7-9F0F-ED018E9A345B}.Release|Any CPU.Build.0 = Release|Any CPU
		{62CC985C-3D33-4577-845B-4DC14FC6B47B}.Debug|Any CPU.ActiveCfg = Debug|Any CPU
		{62CC985C-3D33-4577-845B-4DC14FC6B47B}.Debug|Any CPU.Build.0 = Debug|Any CPU
		{62CC985C-3D33-4577-845B-4DC14FC6B47B}.Release|Any CPU.ActiveCfg = Release|Any CPU
		{62CC985C-3D33-4577-845B-4DC14FC6B47B}.Release|Any CPU.Build.0 = Release|Any CPU
		{636F984B-DC85-428F-9D80-56C0BBDF3D48}.Debug|Any CPU.ActiveCfg = Debug|Any CPU
		{636F984B-DC85-428F-9D80-56C0BBDF3D48}.Debug|Any CPU.Build.0 = Debug|Any CPU
		{636F984B-DC85-428F-9D80-56C0BBDF3D48}.Release|Any CPU.ActiveCfg = Release|Any CPU
		{636F984B-DC85-428F-9D80-56C0BBDF3D48}.Release|Any CPU.Build.0 = Release|Any CPU
		{80C78B99-3A29-4561-BB71-AE67ABE83AFF}.Debug|Any CPU.ActiveCfg = Debug|Any CPU
		{80C78B99-3A29-4561-BB71-AE67ABE83AFF}.Debug|Any CPU.Build.0 = Debug|Any CPU
		{80C78B99-3A29-4561-BB71-AE67ABE83AFF}.Release|Any CPU.ActiveCfg = Release|Any CPU
		{80C78B99-3A29-4561-BB71-AE67ABE83AFF}.Release|Any CPU.Build.0 = Release|Any CPU
		{54CBBB7B-EDB6-4228-94A2-09238A9341C7}.Debug|Any CPU.ActiveCfg = Debug|Any CPU
		{54CBBB7B-EDB6-4228-94A2-09238A9341C7}.Debug|Any CPU.Build.0 = Debug|Any CPU
		{54CBBB7B-EDB6-4228-94A2-09238A9341C7}.Release|Any CPU.ActiveCfg = Release|Any CPU
		{54CBBB7B-EDB6-4228-94A2-09238A9341C7}.Release|Any CPU.Build.0 = Release|Any CPU
		{4F53DA50-CD62-4DF0-B215-506FFAF1942F}.Debug|Any CPU.ActiveCfg = Debug|Any CPU
		{4F53DA50-CD62-4DF0-B215-506FFAF1942F}.Debug|Any CPU.Build.0 = Debug|Any CPU
		{4F53DA50-CD62-4DF0-B215-506FFAF1942F}.Release|Any CPU.ActiveCfg = Release|Any CPU
		{4F53DA50-CD62-4DF0-B215-506FFAF1942F}.Release|Any CPU.Build.0 = Release|Any CPU
	EndGlobalSection
	GlobalSection(SolutionProperties) = preSolution
		HideSolutionNode = FALSE
	EndGlobalSection
	GlobalSection(NestedProjects) = preSolution
		{CFE5B2FF-1EA1-4DE7-9F0F-ED018E9A345B} = {674A3C2E-0C17-47D6-856B-8059D8B7DDF5}
		{62CC985C-3D33-4577-845B-4DC14FC6B47B} = {F35806D7-2F18-485B-A926-CBB46FF76686}
		{636F984B-DC85-428F-9D80-56C0BBDF3D48} = {0F21988D-C945-4D13-A0AE-892146CEBE11}
		{80C78B99-3A29-4561-BB71-AE67ABE83AFF} = {0F21988D-C945-4D13-A0AE-892146CEBE11}
		{54CBBB7B-EDB6-4228-94A2-09238A9341C7} = {0F21988D-C945-4D13-A0AE-892146CEBE11}
		{4F53DA50-CD62-4DF0-B215-506FFAF1942F} = {0F21988D-C945-4D13-A0AE-892146CEBE11}
	EndGlobalSection
	GlobalSection(ExtensibilityGlobals) = postSolution
		SolutionGuid = {A5F0B898-2F05-4809-8AE1-B8E562DB8244}
	EndGlobalSection
EndGlobal
